
Microsoft Visual Studio Solution File, Format Version 12.00
# Visual Studio Version 16
VisualStudioVersion = 16.0.32228.343
MinimumVisualStudioVersion = 10.0.40219.1
Project("{8BC9CEB8-8B4A-11D0-8D11-00A0C91BC942}") = "JocHeroiEnemic", "JocHeroiEnemic\JocHeroiEnemic.vcxproj", "{18D0F0E1-4EA6-4363-9B61-35B61DED809C}"
EndProject
Global
	GlobalSection(SolutionConfigurationPlatforms) = preSolution
		Debug|x64 = Debug|x64
		Debug|x86 = Debug|x86
		Release|x64 = Release|x64
		Release|x86 = Release|x86
	EndGlobalSection
	GlobalSection(ProjectConfigurationPlatforms) = postSolution
		{18D0F0E1-4EA6-4363-9B61-35B61DED809C}.Debug|x64.ActiveCfg = Debug|x64
		{18D0F0E1-4EA6-4363-9B61-35B61DED809C}.Debug|x64.Build.0 = Debug|x64
		{18D0F0E1-4EA6-4363-9B61-35B61DED809C}.Debug|x86.ActiveCfg = Debug|Win32
		{18D0F0E1-4EA6-4363-9B61-35B61DED809C}.Debug|x86.Build.0 = Debug|Win32
		{18D0F0E1-4EA6-4363-9B61-35B61DED809C}.Release|x64.ActiveCfg = Release|x64
		{18D0F0E1-4EA6-4363-9B61-35B61DED809C}.Release|x64.Build.0 = Release|x64
		{18D0F0E1-4EA6-4363-9B61-35B61DED809C}.Release|x86.ActiveCfg = Release|Win32
		{18D0F0E1-4EA6-4363-9B61-35B61DED809C}.Release|x86.Build.0 = Release|Win32
	EndGlobalSection
	GlobalSection(SolutionProperties) = preSolution
		HideSolutionNode = FALSE
	EndGlobalSection
	GlobalSection(ExtensibilityGlobals) = postSolution
		SolutionGuid = {3D11F44B-FA6A-4F86-BA4F-1B21227519CE}
	EndGlobalSection
EndGlobal
